
Microsoft Visual Studio Solution File, Format Version 12.00
# Visual Studio 15
VisualStudioVersion = 15.0.26228.9
MinimumVisualStudioVersion = 10.0.40219.1
Project("{FAE04EC0-301F-11D3-BF4B-00C04F79EFBC}") = "HelloWord", "HelloWord\HelloWord.csproj", "{AA5DFD70-A1A8-487E-9864-3F87EB93577B}"
EndProject
Project("{FAE04EC0-301F-11D3-BF4B-00C04F79EFBC}") = "UnitTests", "UnitTests\UnitTests.csproj", "{D2B4222B-71BD-4F36-BADF-CBA39D3C145A}"
EndProject
Project("{FAE04EC0-301F-11D3-BF4B-00C04F79EFBC}") = "pcsc-sharp", "..\..\..\..\..\..\github\pcsc-sharp\pcsc-sharp\pcsc-sharp.csproj", "{459E0FB4-AF42-4123-9923-7EA68CA01B09}"
EndProject
Global
	GlobalSection(SolutionConfigurationPlatforms) = preSolution
		Debug|Any CPU = Debug|Any CPU
		Release|Any CPU = Release|Any CPU
	EndGlobalSection
	GlobalSection(ProjectConfigurationPlatforms) = postSolution
		{AA5DFD70-A1A8-487E-9864-3F87EB93577B}.Debug|Any CPU.ActiveCfg = Debug|Any CPU
		{AA5DFD70-A1A8-487E-9864-3F87EB93577B}.Debug|Any CPU.Build.0 = Debug|Any CPU
		{AA5DFD70-A1A8-487E-9864-3F87EB93577B}.Release|Any CPU.ActiveCfg = Release|Any CPU
		{AA5DFD70-A1A8-487E-9864-3F87EB93577B}.Release|Any CPU.Build.0 = Release|Any CPU
		{D2B4222B-71BD-4F36-BADF-CBA39D3C145A}.Debug|Any CPU.ActiveCfg = Debug|Any CPU
		{D2B4222B-71BD-4F36-BADF-CBA39D3C145A}.Debug|Any CPU.Build.0 = Debug|Any CPU
		{D2B4222B-71BD-4F36-BADF-CBA39D3C145A}.Release|Any CPU.ActiveCfg = Release|Any CPU
		{D2B4222B-71BD-4F36-BADF-CBA39D3C145A}.Release|Any CPU.Build.0 = Release|Any CPU
		{459E0FB4-AF42-4123-9923-7EA68CA01B09}.Debug|Any CPU.ActiveCfg = Debug|Any CPU
		{459E0FB4-AF42-4123-9923-7EA68CA01B09}.Debug|Any CPU.Build.0 = Debug|Any CPU
		{459E0FB4-AF42-4123-9923-7EA68CA01B09}.Release|Any CPU.ActiveCfg = Release|Any CPU
		{459E0FB4-AF42-4123-9923-7EA68CA01B09}.Release|Any CPU.Build.0 = Release|Any CPU
	EndGlobalSection
	GlobalSection(SolutionProperties) = preSolution
		HideSolutionNode = FALSE
	EndGlobalSection
EndGlobal
